# This file is automatically @generated by Cargo.
# It is not intended for manual editing.
version = 4

[[package]]
name = "engram-cli"
version = "0.0.0"
dependencies = [
 "engram-core",
]

[[package]]
name = "engram-consistency"
version = "0.0.0"
dependencies = [
 "engram-core",
]

[[package]]
name = "engram-core"
version = "0.0.0"

[[package]]
name = "engram-py"
version = "0.0.0"
dependencies = [
 "engram-core",
]

[[package]]
name = "engram-query"
version = "0.0.0"
dependencies = [
 "engram-consistency",
 "engram-core",
 "engram-storage",
]

[[package]]
name = "engram-server"
version = "0.0.0"
dependencies = [
 "engram-core",
 "engram-query",
]

[[package]]
name = "engram-storage"
version = "0.0.0"
dependencies = [
 "engram-core",
]

[[package]]
name = "xtask"
version = "0.0.0"
